
Microsoft Visual Studio Solution File, Format Version 12.00
# Visual Studio Version 17
VisualStudioVersion = 17.9.34622.214
MinimumVisualStudioVersion = 10.0.40219.1
Project("{FAE04EC0-301F-11D3-BF4B-00C04F79EFBC}") = "GameStore.Api", "GameStore.Api.csproj", "{18CA504B-5F18-49EB-A5E7-64E7C7726858}"
EndProject
Global
	GlobalSection(SolutionConfigurationPlatforms) = preSolution
		Debug|Any CPU = Debug|Any CPU
		Release|Any CPU = Release|Any CPU
	EndGlobalSection
	GlobalSection(ProjectConfigurationPlatforms) = postSolution
		{18CA504B-5F18-49EB-A5E7-64E7C7726858}.Debug|Any CPU.ActiveCfg = Debug|Any CPU
		{18CA504B-5F18-49EB-A5E7-64E7C7726858}.Debug|Any CPU.Build.0 = Debug|Any CPU
		{18CA504B-5F18-49EB-A5E7-64E7C7726858}.Release|Any CPU.ActiveCfg = Release|Any CPU
		{18CA504B-5F18-49EB-A5E7-64E7C7726858}.Release|Any CPU.Build.0 = Release|Any CPU
	EndGlobalSection
	GlobalSection(SolutionProperties) = preSolution
		HideSolutionNode = FALSE
	EndGlobalSection
	GlobalSection(ExtensibilityGlobals) = postSolution
		SolutionGuid = {353C354A-43CD-4EFC-95AB-3AB043A35E6B}
	EndGlobalSection
EndGlobal
